
Microsoft Visual Studio Solution File, Format Version 12.00
# Visual Studio Express 14 for Windows Desktop
VisualStudioVersion = 14.0.23107.0
MinimumVisualStudioVersion = 10.0.40219.1
Project("{FAE04EC0-301F-11D3-BF4B-00C04F79EFBC}") = "Forms_File_Explorer", "Forms_File_Explorer\Forms_File_Explorer.csproj", "{ACCF8444-7DAA-413F-B86D-3247B59A70DF}"
EndProject
Project("{FAE04EC0-301F-11D3-BF4B-00C04F79EFBC}") = "Forms_File_ExplorerTests", "Forms_File_ExplorerTests\Forms_File_ExplorerTests.csproj", "{A9104E02-4946-4A0D-A57F-F109875A17A7}"
EndProject
Global
	GlobalSection(SolutionConfigurationPlatforms) = preSolution
		Debug|Any CPU = Debug|Any CPU
		Release|Any CPU = Release|Any CPU
	EndGlobalSection
	GlobalSection(ProjectConfigurationPlatforms) = postSolution
		{ACCF8444-7DAA-413F-B86D-3247B59A70DF}.Debug|Any CPU.ActiveCfg = Debug|Any CPU
		{ACCF8444-7DAA-413F-B86D-3247B59A70DF}.Debug|Any CPU.Build.0 = Debug|Any CPU
		{ACCF8444-7DAA-413F-B86D-3247B59A70DF}.Release|Any CPU.ActiveCfg = Release|Any CPU
		{ACCF8444-7DAA-413F-B86D-3247B59A70DF}.Release|Any CPU.Build.0 = Release|Any CPU
		{A9104E02-4946-4A0D-A57F-F109875A17A7}.Debug|Any CPU.ActiveCfg = Debug|Any CPU
		{A9104E02-4946-4A0D-A57F-F109875A17A7}.Debug|Any CPU.Build.0 = Debug|Any CPU
		{A9104E02-4946-4A0D-A57F-F109875A17A7}.Release|Any CPU.ActiveCfg = Release|Any CPU
		{A9104E02-4946-4A0D-A57F-F109875A17A7}.Release|Any CPU.Build.0 = Release|Any CPU
	EndGlobalSection
	GlobalSection(SolutionProperties) = preSolution
		HideSolutionNode = FALSE
	EndGlobalSection
EndGlobal
